// !$*UTF8*$!
{
	archiveVersion = 1;
	classes = {
	};
	objectVersion = 46;
	objects = {

/* Begin PBXBuildFile section */
		680755841C1B5AF700759201 /* MapNavigationController.swift in Sources */ = {isa = PBXBuildFile; fileRef = 680755831C1B5AF700759201 /* MapNavigationController.swift */; };
		6839A7FB1C18D690008FA470 /* AppDelegate.swift in Sources */ = {isa = PBXBuildFile; fileRef = 6839A7FA1C18D690008FA470 /* AppDelegate.swift */; };
		6839A7FD1C18D690008FA470 /* LoginViewController.swift in Sources */ = {isa = PBXBuildFile; fileRef = 6839A7FC1C18D690008FA470 /* LoginViewController.swift */; };
		6839A8001C18D690008FA470 /* Main.storyboard in Resources */ = {isa = PBXBuildFile; fileRef = 6839A7FE1C18D690008FA470 /* Main.storyboard */; };
		6839A8021C18D690008FA470 /* Assets.xcassets in Resources */ = {isa = PBXBuildFile; fileRef = 6839A8011C18D690008FA470 /* Assets.xcassets */; };
		6839A8051C18D690008FA470 /* LaunchScreen.storyboard in Resources */ = {isa = PBXBuildFile; fileRef = 6839A8031C18D690008FA470 /* LaunchScreen.storyboard */; };
		6839A80F1C18D98D008FA470 /* MapWSClient.swift in Sources */ = {isa = PBXBuildFile; fileRef = 6839A80E1C18D98D008FA470 /* MapWSClient.swift */; };
		6839A8111C19D68F008FA470 /* MapConstants.swift in Sources */ = {isa = PBXBuildFile; fileRef = 6839A8101C19D68F008FA470 /* MapConstants.swift */; };
		6839A8131C19EA7D008FA470 /* MapViewController.swift in Sources */ = {isa = PBXBuildFile; fileRef = 6839A8121C19EA7D008FA470 /* MapViewController.swift */; };
		6839A8151C1A0EC5008FA470 /* StudentInformation.swift in Sources */ = {isa = PBXBuildFile; fileRef = 6839A8141C1A0EC5008FA470 /* StudentInformation.swift */; };
		6839A8171C1A0F1B008FA470 /* StudentHelper.swift in Sources */ = {isa = PBXBuildFile; fileRef = 6839A8161C1A0F1B008FA470 /* StudentHelper.swift */; };
		6839A8191C1A2D73008FA470 /* InfoPostViewController.swift in Sources */ = {isa = PBXBuildFile; fileRef = 6839A8181C1A2D73008FA470 /* InfoPostViewController.swift */; };
		6839A81B1C1B2B29008FA470 /* MapViewTableViewController.swift in Sources */ = {isa = PBXBuildFile; fileRef = 6839A81A1C1B2B29008FA470 /* MapViewTableViewController.swift */; };
/* End PBXBuildFile section */

/* Begin PBXFileReference section */
		680755831C1B5AF700759201 /* MapNavigationController.swift */ = {isa = PBXFileReference; fileEncoding = 4; lastKnownFileType = sourcecode.swift; path = MapNavigationController.swift; sourceTree = "<group>"; };
		6839A7F71C18D690008FA470 /* OnTheMap.app */ = {isa = PBXFileReference; explicitFileType = wrapper.application; includeInIndex = 0; path = OnTheMap.app; sourceTree = BUILT_PRODUCTS_DIR; };
		6839A7FA1C18D690008FA470 /* AppDelegate.swift */ = {isa = PBXFileReference; lastKnownFileType = sourcecode.swift; path = AppDelegate.swift; sourceTree = "<group>"; };
		6839A7FC1C18D690008FA470 /* LoginViewController.swift */ = {isa = PBXFileReference; lastKnownFileType = sourcecode.swift; path = LoginViewController.swift; sourceTree = "<group>"; };
		6839A7FF1C18D690008FA470 /* Base */ = {isa = PBXFileReference; lastKnownFileType = file.storyboard; name = Base; path = Base.lproj/Main.storyboard; sourceTree = "<group>"; };
		6839A8011C18D690008FA470 /* Assets.xcassets */ = {isa = PBXFileReference; lastKnownFileType = folder.assetcatalog; path = Assets.xcassets; sourceTree = "<group>"; };
		6839A8041C18D690008FA470 /* Base */ = {isa = PBXFileReference; lastKnownFileType = file.storyboard; name = Base; path = Base.lproj/LaunchScreen.storyboard; sourceTree = "<group>"; };
		6839A8061C18D690008FA470 /* Info.plist */ = {isa = PBXFileReference; lastKnownFileType = text.plist.xml; path = Info.plist; sourceTree = "<group>"; };
		6839A80E1C18D98D008FA470 /* MapWSClient.swift */ = {isa = PBXFileReference; fileEncoding = 4; lastKnownFileType = sourcecode.swift; path = MapWSClient.swift; sourceTree = "<group>"; };
		6839A8101C19D68F008FA470 /* MapConstants.swift */ = {isa = PBXFileReference; fileEncoding = 4; lastKnownFileType = sourcecode.swift; path = MapConstants.swift; sourceTree = "<group>"; };
		6839A8121C19EA7D008FA470 /* MapViewController.swift */ = {isa = PBXFileReference; fileEncoding = 4; lastKnownFileType = sourcecode.swift; path = MapViewController.swift; sourceTree = "<group>"; };
		6839A8141C1A0EC5008FA470 /* StudentInformation.swift */ = {isa = PBXFileReference; fileEncoding = 4; lastKnownFileType = sourcecode.swift; path = StudentInformation.swift; sourceTree = "<group>"; };
		6839A8161C1A0F1B008FA470 /* StudentHelper.swift */ = {isa = PBXFileReference; fileEncoding = 4; lastKnownFileType = sourcecode.swift; path = StudentHelper.swift; sourceTree = "<group>"; };
		6839A8181C1A2D73008FA470 /* InfoPostViewController.swift */ = {isa = PBXFileReference; fileEncoding = 4; lastKnownFileType = sourcecode.swift; path = InfoPostViewController.swift; sourceTree = "<group>"; };
		6839A81A1C1B2B29008FA470 /* MapViewTableViewController.swift */ = {isa = PBXFileReference; fileEncoding = 4; lastKnownFileType = sourcecode.swift; path = MapViewTableViewController.swift; sourceTree = "<group>"; };
/* End PBXFileReference section */

/* Begin PBXFrameworksBuildPhase section */
		6839A7F41C18D690008FA470 /* Frameworks */ = {
			isa = PBXFrameworksBuildPhase;
			buildActionMask = 2147483647;
			files = (
			);
			runOnlyForDeploymentPostprocessing = 0;
		};
/* End PBXFrameworksBuildPhase section */

/* Begin PBXGroup section */
		6839A7EE1C18D690008FA470 = {
			isa = PBXGroup;
			children = (
				6839A7F91C18D690008FA470 /* OnTheMap */,
				6839A7F81C18D690008FA470 /* Products */,
			);
			sourceTree = "<group>";
		};
		6839A7F81C18D690008FA470 /* Products */ = {
			isa = PBXGroup;
			children = (
				6839A7F71C18D690008FA470 /* OnTheMap.app */,
			);
			name = Products;
			sourceTree = "<group>";
		};
		6839A7F91C18D690008FA470 /* OnTheMap */ = {
			isa = PBXGroup;
			children = (
				6839A7FA1C18D690008FA470 /* AppDelegate.swift */,
				6839A80D1C18D8EA008FA470 /* Model */,
				6839A80C1C18D8AC008FA470 /* Controllers */,
				6839A7FE1C18D690008FA470 /* Main.storyboard */,
				6839A8011C18D690008FA470 /* Assets.xcassets */,
				6839A8031C18D690008FA470 /* LaunchScreen.storyboard */,
				6839A8061C18D690008FA470 /* Info.plist */,
			);
			path = OnTheMap;
			sourceTree = "<group>";
		};
		6839A80C1C18D8AC008FA470 /* Controllers */ = {
			isa = PBXGroup;
			children = (
				6839A7FC1C18D690008FA470 /* LoginViewController.swift */,
				6839A8121C19EA7D008FA470 /* MapViewController.swift */,
				6839A8181C1A2D73008FA470 /* InfoPostViewController.swift */,
				6839A81A1C1B2B29008FA470 /* MapViewTableViewController.swift */,
				680755831C1B5AF700759201 /* MapNavigationController.swift */,
			);
			name = Controllers;
			sourceTree = "<group>";
		};
		6839A80D1C18D8EA008FA470 /* Model */ = {
			isa = PBXGroup;
			children = (
				6839A80E1C18D98D008FA470 /* MapWSClient.swift */,
				6839A8101C19D68F008FA470 /* MapConstants.swift */,
				6839A8141C1A0EC5008FA470 /* StudentInformation.swift */,
				6839A8161C1A0F1B008FA470 /* StudentHelper.swift */,
			);
			name = Model;
			sourceTree = "<group>";
		};
/* End PBXGroup section */

/* Begin PBXNativeTarget section */
		6839A7F61C18D690008FA470 /* OnTheMap */ = {
			isa = PBXNativeTarget;
			buildConfigurationList = 6839A8091C18D690008FA470 /* Build configuration list for PBXNativeTarget "OnTheMap" */;
			buildPhases = (
				6839A7F31C18D690008FA470 /* Sources */,
				6839A7F41C18D690008FA470 /* Frameworks */,
				6839A7F51C18D690008FA470 /* Resources */,
			);
			buildRules = (
			);
			dependencies = (
			);
			name = OnTheMap;
			productName = OnTheMap;
			productReference = 6839A7F71C18D690008FA470 /* OnTheMap.app */;
			productType = "com.apple.product-type.application";
		};
/* End PBXNativeTarget section */

/* Begin PBXProject section */
		6839A7EF1C18D690008FA470 /* Project object */ = {
			isa = PBXProject;
			attributes = {
				LastSwiftUpdateCheck = 0710;
				LastUpgradeCheck = 0710;
				ORGANIZATIONNAME = "Evan Scharfer";
				TargetAttributes = {
					6839A7F61C18D690008FA470 = {
						CreatedOnToolsVersion = 7.1.1;
					};
				};
			};
			buildConfigurationList = 6839A7F21C18D690008FA470 /* Build configuration list for PBXProject "OnTheMap" */;
			compatibilityVersion = "Xcode 3.2";
			developmentRegion = English;
			hasScannedForEncodings = 0;
			knownRegions = (
				en,
				Base,
			);
			mainGroup = 6839A7EE1C18D690008FA470;
			productRefGroup = 6839A7F81C18D690008FA470 /* Products */;
			projectDirPath = "";
			projectRoot = "";
			targets = (
				6839A7F61C18D690008FA470 /* OnTheMap */,
			);
		};
/* End PBXProject section */

/* Begin PBXResourcesBuildPhase section */
		6839A7F51C18D690008FA470 /* Resources */ = {
			isa = PBXResourcesBuildPhase;
			buildActionMask = 2147483647;
			files = (
				6839A8051C18D690008FA470 /* LaunchScreen.storyboard in Resources */,
				6839A8021C18D690008FA470 /* Assets.xcassets in Resources */,
				6839A8001C18D690008FA470 /* Main.storyboard in Resources */,
			);
			runOnlyForDeploymentPostprocessing = 0;
		};
/* End PBXResourcesBuildPhase section */

/* Begin PBXSourcesBuildPhase section */
		6839A7F31C18D690008FA470 /* Sources */ = {
			isa = PBXSourcesBuildPhase;
			buildActionMask = 2147483647;
			files = (
				6839A8191C1A2D73008FA470 /* InfoPostViewController.swift in Sources */,
				6839A8151C1A0EC5008FA470 /* StudentInformation.swift in Sources */,
				6839A8111C19D68F008FA470 /* MapConstants.swift in Sources */,
				6839A7FD1C18D690008FA470 /* LoginViewController.swift in Sources */,
				6839A8171C1A0F1B008FA470 /* StudentHelper.swift in Sources */,
				6839A81B1C1B2B29008FA470 /* MapViewTableViewController.swift in Sources */,
				6839A7FB1C18D690008FA470 /* AppDelegate.swift in Sources */,
				6839A8131C19EA7D008FA470 /* MapViewController.swift in Sources */,
				680755841C1B5AF700759201 /* MapNavigationController.swift in Sources */,
				6839A80F1C18D98D008FA470 /* MapWSClient.swift in Sources */,
			);
			runOnlyForDeploymentPostprocessing = 0;
		};
/* End PBXSourcesBuildPhase section */

/* Begin PBXVariantGroup section */
		6839A7FE1C18D690008FA470 /* Main.storyboard */ = {
			isa = PBXVariantGroup;
			children = (
				6839A7FF1C18D690008FA470 /* Base */,
			);
			name = Main.storyboard;
			sourceTree = "<group>";
		};
		6839A8031C18D690008FA470 /* LaunchScreen.storyboard */ = {
			isa = PBXVariantGroup;
			children = (
				6839A8041C18D690008FA470 /* Base */,
			);
			name = LaunchScreen.storyboard;
			sourceTree = "<group>";
		};
/* End PBXVariantGroup section */

/* Begin XCBuildConfiguration section */
		6839A8071C18D690008FA470 /* Debug */ = {
			isa = XCBuildConfiguration;
			buildSettings = {
				ALWAYS_SEARCH_USER_PATHS = NO;
				CLANG_CXX_LANGUAGE_STANDARD = "gnu++0x";
				CLANG_CXX_LIBRARY = "libc++";
				CLANG_ENABLE_MODULES = YES;
				CLANG_ENABLE_OBJC_ARC = YES;
				CLANG_WARN_BOOL_CONVERSION = YES;
				CLANG_WARN_CONSTANT_CONVERSION = YES;
				CLANG_WARN_DIRECT_OBJC_ISA_USAGE = YES_ERROR;
				CLANG_WARN_EMPTY_BODY = YES;
				CLANG_WARN_ENUM_CONVERSION = YES;
				CLANG_WARN_INT_CONVERSION = YES;
				CLANG_WARN_OBJC_ROOT_CLASS = YES_ERROR;
				CLANG_WARN_UNREACHABLE_CODE = YES;
				CLANG_WARN__DUPLICATE_METHOD_MATCH = YES;
				"CODE_SIGN_IDENTITY[sdk=iphoneos*]" = "iPhone Developer";
				COPY_PHASE_STRIP = NO;
				DEBUG_INFORMATION_FORMAT = dwarf;
				ENABLE_STRICT_OBJC_MSGSEND = YES;
				ENABLE_TESTABILITY = YES;
				GCC_C_LANGUAGE_STANDARD = gnu99;
				GCC_DYNAMIC_NO_PIC = NO;
				GCC_NO_COMMON_BLOCKS = YES;
				GCC_OPTIMIZATION_LEVEL = 0;
				GCC_PREPROCESSOR_DEFINITIONS = (
					"DEBUG=1",
					"$(inherited)",
				);
				GCC_WARN_64_TO_32_BIT_CONVERSION = YES;
				GCC_WARN_ABOUT_RETURN_TYPE = YES_ERROR;
				GCC_WARN_UNDECLARED_SELECTOR = YES;
				GCC_WARN_UNINITIALIZED_AUTOS = YES_AGGRESSIVE;
				GCC_WARN_UNUSED_FUNCTION = YES;
				GCC_WARN_UNUSED_VARIABLE = YES;
				IPHONEOS_DEPLOYMENT_TARGET = 9.1;
				MTL_ENABLE_DEBUG_INFO = YES;
				ONLY_ACTIVE_ARCH = YES;
				SDKROOT = iphoneos;
				SWIFT_OPTIMIZATION_LEVEL = "-Onone";
				TARGETED_DEVICE_FAMILY = "1,2";
			};
			name = Debug;
		};
		6839A8081C18D690008FA470 /* Release */ = {
			isa = XCBuildConfiguration;
			buildSettings = {
				ALWAYS_SEARCH_USER_PATHS = NO;
				CLANG_CXX_LANGUAGE_STANDARD = "gnu++0x";
				CLANG_CXX_LIBRARY = "libc++";
				CLANG_ENABLE_MODULES = YES;
				CLANG_ENABLE_OBJC_ARC = YES;
				CLANG_WARN_BOOL_CONVERSION = YES;
				CLANG_WARN_CONSTANT_CONVERSION = YES;
				CLANG_WARN_DIRECT_OBJC_ISA_USAGE = YES_ERROR;
				CLANG_WARN_EMPTY_BODY = YES;
				CLANG_WARN_ENUM_CONVERSION = YES;
				CLANG_WARN_INT_CONVERSION = YES;
				CLANG_WARN_OBJC_ROOT_CLASS = YES_ERROR;
				CLANG_WARN_UNREACHABLE_CODE = YES;
				CLANG_WARN__DUPLICATE_METHOD_MATCH = YES;
				"CODE_SIGN_IDENTITY[sdk=iphoneos*]" = "iPhone Developer";
				COPY_PHASE_STRIP = NO;
				DEBUG_INFORMATION_FORMAT = "dwarf-with-dsym";
				ENABLE_NS_ASSERTIONS = NO;
				ENABLE_STRICT_OBJC_MSGSEND = YES;
				GCC_C_LANGUAGE_STANDARD = gnu99;
				GCC_NO_COMMON_BLOCKS = YES;
				GCC_WARN_64_TO_32_BIT_CONVERSION = YES;
				GCC_WARN_ABOUT_RETURN_TYPE = YES_ERROR;
				GCC_WARN_UNDECLARED_SELECTOR = YES;
				GCC_WARN_UNINITIALIZED_AUTOS = YES_AGGRESSIVE;
				GCC_WARN_UNUSED_FUNCTION = YES;
				GCC_WARN_UNUSED_VARIABLE = YES;
				IPHONEOS_DEPLOYMENT_TARGET = 9.1;
				MTL_ENABLE_DEBUG_INFO = NO;
				SDKROOT = iphoneos;
				TARGETED_DEVICE_FAMILY = "1,2";
				VALIDATE_PRODUCT = YES;
			};
			name = Release;
		};
		6839A80A1C18D690008FA470 /* Debug */ = {
			isa = XCBuildConfiguration;
			buildSettings = {
				ASSETCATALOG_COMPILER_APPICON_NAME = AppIcon;
				INFOPLIST_FILE = OnTheMap/Info.plist;
				LD_RUNPATH_SEARCH_PATHS = "$(inherited) @executable_path/Frameworks";
				PRODUCT_BUNDLE_IDENTIFIER = com.evan.OnTheMap;
				PRODUCT_NAME = "$(TARGET_NAME)";
			};
			name = Debug;
		};
		6839A80B1C18D690008FA470 /* Release */ = {
			isa = XCBuildConfiguration;
			buildSettings = {
				ASSETCATALOG_COMPILER_APPICON_NAME = AppIcon;
				INFOPLIST_FILE = OnTheMap/Info.plist;
				LD_RUNPATH_SEARCH_PATHS = "$(inherited) @executable_path/Frameworks";
				PRODUCT_BUNDLE_IDENTIFIER = com.evan.OnTheMap;
				PRODUCT_NAME = "$(TARGET_NAME)";
			};
			name = Release;
		};
/* End XCBuildConfiguration section */

/* Begin XCConfigurationList section */
		6839A7F21C18D690008FA470 /* Build configuration list for PBXProject "OnTheMap" */ = {
			isa = XCConfigurationList;
			buildConfigurations = (
				6839A8071C18D690008FA470 /* Debug */,
				6839A8081C18D690008FA470 /* Release */,
			);
			defaultConfigurationIsVisible = 0;
			defaultConfigurationName = Release;
		};
		6839A8091C18D690008FA470 /* Build configuration list for PBXNativeTarget "OnTheMap" */ = {
			isa = XCConfigurationList;
			buildConfigurations = (
				6839A80A1C18D690008FA470 /* Debug */,
				6839A80B1C18D690008FA470 /* Release */,
			);
			defaultConfigurationIsVisible = 0;
			defaultConfigurationName = Release;
		};
/* End XCConfigurationList section */
	};
	rootObject = 6839A7EF1C18D690008FA470 /* Project object */;
}
